// !$*UTF8*$!
{
	archiveVersion = 1;
	classes = {
	};
	objectVersion = 46;
	objects = {

/* Begin PBXBuildFile section */
		965A79161C55CC06003CCB08 /* main.m in Sources */ = {isa = PBXBuildFile; fileRef = 965A79151C55CC06003CCB08 /* main.m */; };
		965A79191C55CC06003CCB08 /* AppDelegate.m in Sources */ = {isa = PBXBuildFile; fileRef = 965A79181C55CC06003CCB08 /* AppDelegate.m */; };
		965A791C1C55CC06003CCB08 /* ViewController.m in Sources */ = {isa = PBXBuildFile; fileRef = 965A791B1C55CC06003CCB08 /* ViewController.m */; };
		965A791F1C55CC07003CCB08 /* Main.storyboard in Resources */ = {isa = PBXBuildFile; fileRef = 965A791D1C55CC07003CCB08 /* Main.storyboard */; };
		965A79211C55CC07003CCB08 /* Images.xcassets in Resources */ = {isa = PBXBuildFile; fileRef = 965A79201C55CC07003CCB08 /* Images.xcassets */; };
		965A79241C55CC07003CCB08 /* LaunchScreen.xib in Resources */ = {isa = PBXBuildFile; fileRef = 965A79221C55CC07003CCB08 /* LaunchScreen.xib */; };
		965A79301C55CC07003CCB08 /* SHTrackerTests.m in Sources */ = {isa = PBXBuildFile; fileRef = 965A792F1C55CC07003CCB08 /* SHTrackerTests.m */; };
/* End PBXBuildFile section */

/* Begin PBXContainerItemProxy section */
		965A792A1C55CC07003CCB08 /* PBXContainerItemProxy */ = {
			isa = PBXContainerItemProxy;
			containerPortal = 965A79081C55CC06003CCB08 /* Project object */;
			proxyType = 1;
			remoteGlobalIDString = 965A790F1C55CC06003CCB08;
			remoteInfo = SHTracker;
		};
/* End PBXContainerItemProxy section */

/* Begin PBXFileReference section */
		965A79101C55CC06003CCB08 /* SHTracker.app */ = {isa = PBXFileReference; explicitFileType = wrapper.application; includeInIndex = 0; path = SHTracker.app; sourceTree = BUILT_PRODUCTS_DIR; };
		965A79141C55CC06003CCB08 /* Info.plist */ = {isa = PBXFileReference; lastKnownFileType = text.plist.xml; path = Info.plist; sourceTree = "<group>"; };
		965A79151C55CC06003CCB08 /* main.m */ = {isa = PBXFileReference; lastKnownFileType = sourcecode.c.objc; path = main.m; sourceTree = "<group>"; };
		965A79171C55CC06003CCB08 /* AppDelegate.h */ = {isa = PBXFileReference; lastKnownFileType = sourcecode.c.h; path = AppDelegate.h; sourceTree = "<group>"; };
		965A79181C55CC06003CCB08 /* AppDelegate.m */ = {isa = PBXFileReference; lastKnownFileType = sourcecode.c.objc; path = AppDelegate.m; sourceTree = "<group>"; };
		965A791A1C55CC06003CCB08 /* ViewController.h */ = {isa = PBXFileReference; lastKnownFileType = sourcecode.c.h; path = ViewController.h; sourceTree = "<group>"; };
		965A791B1C55CC06003CCB08 /* ViewController.m */ = {isa = PBXFileReference; lastKnownFileType = sourcecode.c.objc; path = ViewController.m; sourceTree = "<group>"; };
		965A791E1C55CC07003CCB08 /* Base */ = {isa = PBXFileReference; lastKnownFileType = file.storyboard; name = Base; path = Base.lproj/Main.storyboard; sourceTree = "<group>"; };
		965A79201C55CC07003CCB08 /* Images.xcassets */ = {isa = PBXFileReference; lastKnownFileType = folder.assetcatalog; path = Images.xcassets; sourceTree = "<group>"; };
		965A79231C55CC07003CCB08 /* Base */ = {isa = PBXFileReference; lastKnownFileType = file.xib; name = Base; path = Base.lproj/LaunchScreen.xib; sourceTree = "<group>"; };
		965A79291C55CC07003CCB08 /* SHTrackerTests.xctest */ = {isa = PBXFileReference; explicitFileType = wrapper.cfbundle; includeInIndex = 0; path = SHTrackerTests.xctest; sourceTree = BUILT_PRODUCTS_DIR; };
		965A792E1C55CC07003CCB08 /* Info.plist */ = {isa = PBXFileReference; lastKnownFileType = text.plist.xml; path = Info.plist; sourceTree = "<group>"; };
		965A792F1C55CC07003CCB08 /* SHTrackerTests.m */ = {isa = PBXFileReference; lastKnownFileType = sourcecode.c.objc; path = SHTrackerTests.m; sourceTree = "<group>"; };
/* End PBXFileReference section */

/* Begin PBXFrameworksBuildPhase section */
		965A790D1C55CC06003CCB08 /* Frameworks */ = {
			isa = PBXFrameworksBuildPhase;
			buildActionMask = 2147483647;
			files = (
			);
			runOnlyForDeploymentPostprocessing = 0;
		};
		965A79261C55CC07003CCB08 /* Frameworks */ = {
			isa = PBXFrameworksBuildPhase;
			buildActionMask = 2147483647;
			files = (
			);
			runOnlyForDeploymentPostprocessing = 0;
		};
/* End PBXFrameworksBuildPhase section */

/* Begin PBXGroup section */
		965A79071C55CC06003CCB08 = {
			isa = PBXGroup;
			children = (
				965A79121C55CC06003CCB08 /* SHTracker */,
				965A792C1C55CC07003CCB08 /* SHTrackerTests */,
				965A79111C55CC06003CCB08 /* Products */,
			);
			sourceTree = "<group>";
		};
		965A79111C55CC06003CCB08 /* Products */ = {
			isa = PBXGroup;
			children = (
				965A79101C55CC06003CCB08 /* SHTracker.app */,
				965A79291C55CC07003CCB08 /* SHTrackerTests.xctest */,
			);
			name = Products;
			sourceTree = "<group>";
		};
		965A79121C55CC06003CCB08 /* SHTracker */ = {
			isa = PBXGroup;
			children = (
				965A79171C55CC06003CCB08 /* AppDelegate.h */,
				965A79181C55CC06003CCB08 /* AppDelegate.m */,
				965A791A1C55CC06003CCB08 /* ViewController.h */,
				965A791B1C55CC06003CCB08 /* ViewController.m */,
				965A791D1C55CC07003CCB08 /* Main.storyboard */,
				965A79201C55CC07003CCB08 /* Images.xcassets */,
				965A79221C55CC07003CCB08 /* LaunchScreen.xib */,
				965A79131C55CC06003CCB08 /* Supporting Files */,
			);
			path = SHTracker;
			sourceTree = "<group>";
		};
		965A79131C55CC06003CCB08 /* Supporting Files */ = {
			isa = PBXGroup;
			children = (
				965A79141C55CC06003CCB08 /* Info.plist */,
				965A79151C55CC06003CCB08 /* main.m */,
			);
			name = "Supporting Files";
			sourceTree = "<group>";
		};
		965A792C1C55CC07003CCB08 /* SHTrackerTests */ = {
			isa = PBXGroup;
			children = (
				965A792F1C55CC07003CCB08 /* SHTrackerTests.m */,
				965A792D1C55CC07003CCB08 /* Supporting Files */,
			);
			path = SHTrackerTests;
			sourceTree = "<group>";
		};
		965A792D1C55CC07003CCB08 /* Supporting Files */ = {
			isa = PBXGroup;
			children = (
				965A792E1C55CC07003CCB08 /* Info.plist */,
			);
			name = "Supporting Files";
			sourceTree = "<group>";
		};
/* End PBXGroup section */

/* Begin PBXNativeTarget section */
		965A790F1C55CC06003CCB08 /* SHTracker */ = {
			isa = PBXNativeTarget;
			buildConfigurationList = 965A79331C55CC07003CCB08 /* Build configuration list for PBXNativeTarget "SHTracker" */;
			buildPhases = (
				965A790C1C55CC06003CCB08 /* Sources */,
				965A790D1C55CC06003CCB08 /* Frameworks */,
				965A790E1C55CC06003CCB08 /* Resources */,
			);
			buildRules = (
			);
			dependencies = (
			);
			name = SHTracker;
			productName = SHTracker;
			productReference = 965A79101C55CC06003CCB08 /* SHTracker.app */;
			productType = "com.apple.product-type.application";
		};
		965A79281C55CC07003CCB08 /* SHTrackerTests */ = {
			isa = PBXNativeTarget;
			buildConfigurationList = 965A79361C55CC07003CCB08 /* Build configuration list for PBXNativeTarget "SHTrackerTests" */;
			buildPhases = (
				965A79251C55CC07003CCB08 /* Sources */,
				965A79261C55CC07003CCB08 /* Frameworks */,
				965A79271C55CC07003CCB08 /* Resources */,
			);
			buildRules = (
			);
			dependencies = (
				965A792B1C55CC07003CCB08 /* PBXTargetDependency */,
			);
			name = SHTrackerTests;
			productName = SHTrackerTests;
			productReference = 965A79291C55CC07003CCB08 /* SHTrackerTests.xctest */;
			productType = "com.apple.product-type.bundle.unit-test";
		};
/* End PBXNativeTarget section */

/* Begin PBXProject section */
		965A79081C55CC06003CCB08 /* Project object */ = {
			isa = PBXProject;
			attributes = {
				LastUpgradeCheck = 0640;
				ORGANIZATIONNAME = Savana;
				TargetAttributes = {
					965A790F1C55CC06003CCB08 = {
						CreatedOnToolsVersion = 6.4;
					};
					965A79281C55CC07003CCB08 = {
						CreatedOnToolsVersion = 6.4;
						TestTargetID = 965A790F1C55CC06003CCB08;
					};
				};
			};
			buildConfigurationList = 965A790B1C55CC06003CCB08 /* Build configuration list for PBXProject "SHTracker" */;
			compatibilityVersion = "Xcode 3.2";
			developmentRegion = English;
			hasScannedForEncodings = 0;
			knownRegions = (
				en,
				Base,
			);
			mainGroup = 965A79071C55CC06003CCB08;
			productRefGroup = 965A79111C55CC06003CCB08 /* Products */;
			projectDirPath = "";
			projectRoot = "";
			targets = (
				965A790F1C55CC06003CCB08 /* SHTracker */,
				965A79281C55CC07003CCB08 /* SHTrackerTests */,
			);
		};
/* End PBXProject section */

/* Begin PBXResourcesBuildPhase section */
		965A790E1C55CC06003CCB08 /* Resources */ = {
			isa = PBXResourcesBuildPhase;
			buildActionMask = 2147483647;
			files = (
				965A791F1C55CC07003CCB08 /* Main.storyboard in Resources */,
				965A79241C55CC07003CCB08 /* LaunchScreen.xib in Resources */,
				965A79211C55CC07003CCB08 /* Images.xcassets in Resources */,
			);
			runOnlyForDeploymentPostprocessing = 0;
		};
		965A79271C55CC07003CCB08 /* Resources */ = {
			isa = PBXResourcesBuildPhase;
			buildActionMask = 2147483647;
			files = (
			);
			runOnlyForDeploymentPostprocessing = 0;
		};
/* End PBXResourcesBuildPhase section */

/* Begin PBXSourcesBuildPhase section */
		965A790C1C55CC06003CCB08 /* Sources */ = {
			isa = PBXSourcesBuildPhase;
			buildActionMask = 2147483647;
			files = (
				965A791C1C55CC06003CCB08 /* ViewController.m in Sources */,
				965A79191C55CC06003CCB08 /* AppDelegate.m in Sources */,
				965A79161C55CC06003CCB08 /* main.m in Sources */,
			);
			runOnlyForDeploymentPostprocessing = 0;
		};
		965A79251C55CC07003CCB08 /* Sources */ = {
			isa = PBXSourcesBuildPhase;
			buildActionMask = 2147483647;
			files = (
				965A79301C55CC07003CCB08 /* SHTrackerTests.m in Sources */,
			);
			runOnlyForDeploymentPostprocessing = 0;
		};
/* End PBXSourcesBuildPhase section */

/* Begin PBXTargetDependency section */
		965A792B1C55CC07003CCB08 /* PBXTargetDependency */ = {
			isa = PBXTargetDependency;
			target = 965A790F1C55CC06003CCB08 /* SHTracker */;
			targetProxy = 965A792A1C55CC07003CCB08 /* PBXContainerItemProxy */;
		};
/* End PBXTargetDependency section */

/* Begin PBXVariantGroup section */
		965A791D1C55CC07003CCB08 /* Main.storyboard */ = {
			isa = PBXVariantGroup;
			children = (
				965A791E1C55CC07003CCB08 /* Base */,
			);
			name = Main.storyboard;
			sourceTree = "<group>";
		};
		965A79221C55CC07003CCB08 /* LaunchScreen.xib */ = {
			isa = PBXVariantGroup;
			children = (
				965A79231C55CC07003CCB08 /* Base */,
			);
			name = LaunchScreen.xib;
			sourceTree = "<group>";
		};
/* End PBXVariantGroup section */

/* Begin XCBuildConfiguration section */
		965A79311C55CC07003CCB08 /* Debug */ = {
			isa = XCBuildConfiguration;
			buildSettings = {
				ALWAYS_SEARCH_USER_PATHS = NO;
				CLANG_CXX_LANGUAGE_STANDARD = "gnu++0x";
				CLANG_CXX_LIBRARY = "libc++";
				CLANG_ENABLE_MODULES = YES;
				CLANG_ENABLE_OBJC_ARC = YES;
				CLANG_WARN_BOOL_CONVERSION = YES;
				CLANG_WARN_CONSTANT_CONVERSION = YES;
				CLANG_WARN_DIRECT_OBJC_ISA_USAGE = YES_ERROR;
				CLANG_WARN_EMPTY_BODY = YES;
				CLANG_WARN_ENUM_CONVERSION = YES;
				CLANG_WARN_INT_CONVERSION = YES;
				CLANG_WARN_OBJC_ROOT_CLASS = YES_ERROR;
				CLANG_WARN_UNREACHABLE_CODE = YES;
				CLANG_WARN__DUPLICATE_METHOD_MATCH = YES;
				"CODE_SIGN_IDENTITY[sdk=iphoneos*]" = "iPhone Developer";
				COPY_PHASE_STRIP = NO;
				DEBUG_INFORMATION_FORMAT = "dwarf-with-dsym";
				ENABLE_STRICT_OBJC_MSGSEND = YES;
				GCC_C_LANGUAGE_STANDARD = gnu99;
				GCC_DYNAMIC_NO_PIC = NO;
				GCC_NO_COMMON_BLOCKS = YES;
				GCC_OPTIMIZATION_LEVEL = 0;
				GCC_PREPROCESSOR_DEFINITIONS = (
					"DEBUG=1",
					"$(inherited)",
				);
				GCC_SYMBOLS_PRIVATE_EXTERN = NO;
				GCC_WARN_64_TO_32_BIT_CONVERSION = YES;
				GCC_WARN_ABOUT_RETURN_TYPE = YES_ERROR;
				GCC_WARN_UNDECLARED_SELECTOR = YES;
				GCC_WARN_UNINITIALIZED_AUTOS = YES_AGGRESSIVE;
				GCC_WARN_UNUSED_FUNCTION = YES;
				GCC_WARN_UNUSED_VARIABLE = YES;
				IPHONEOS_DEPLOYMENT_TARGET = 8.4;
				MTL_ENABLE_DEBUG_INFO = YES;
				ONLY_ACTIVE_ARCH = YES;
				SDKROOT = iphoneos;
			};
			name = Debug;
		};
		965A79321C55CC07003CCB08 /* Release */ = {
			isa = XCBuildConfiguration;
			buildSettings = {
				ALWAYS_SEARCH_USER_PATHS = NO;
				CLANG_CXX_LANGUAGE_STANDARD = "gnu++0x";
				CLANG_CXX_LIBRARY = "libc++";
				CLANG_ENABLE_MODULES = YES;
				CLANG_ENABLE_OBJC_ARC = YES;
				CLANG_WARN_BOOL_CONVERSION = YES;
				CLANG_WARN_CONSTANT_CONVERSION = YES;
				CLANG_WARN_DIRECT_OBJC_ISA_USAGE = YES_ERROR;
				CLANG_WARN_EMPTY_BODY = YES;
				CLANG_WARN_ENUM_CONVERSION = YES;
				CLANG_WARN_INT_CONVERSION = YES;
				CLANG_WARN_OBJC_ROOT_CLASS = YES_ERROR;
				CLANG_WARN_UNREACHABLE_CODE = YES;
				CLANG_WARN__DUPLICATE_METHOD_MATCH = YES;
				"CODE_SIGN_IDENTITY[sdk=iphoneos*]" = "iPhone Developer";
				COPY_PHASE_STRIP = NO;
				DEBUG_INFORMATION_FORMAT = "dwarf-with-dsym";
				ENABLE_NS_ASSERTIONS = NO;
				ENABLE_STRICT_OBJC_MSGSEND = YES;
				GCC_C_LANGUAGE_STANDARD = gnu99;
				GCC_NO_COMMON_BLOCKS = YES;
				GCC_WARN_64_TO_32_BIT_CONVERSION = YES;
				GCC_WARN_ABOUT_RETURN_TYPE = YES_ERROR;
				GCC_WARN_UNDECLARED_SELECTOR = YES;
				GCC_WARN_UNINITIALIZED_AUTOS = YES_AGGRESSIVE;
				GCC_WARN_UNUSED_FUNCTION = YES;
				GCC_WARN_UNUSED_VARIABLE = YES;
				IPHONEOS_DEPLOYMENT_TARGET = 8.4;
				MTL_ENABLE_DEBUG_INFO = NO;
				SDKROOT = iphoneos;
				VALIDATE_PRODUCT = YES;
			};
			name = Release;
		};
		965A79341C55CC07003CCB08 /* Debug */ = {
			isa = XCBuildConfiguration;
			buildSettings = {
				ASSETCATALOG_COMPILER_APPICON_NAME = AppIcon;
				INFOPLIST_FILE = SHTracker/Info.plist;
				LD_RUNPATH_SEARCH_PATHS = "$(inherited) @executable_path/Frameworks";
				PRODUCT_NAME = "$(TARGET_NAME)";
			};
			name = Debug;
		};
		965A79351C55CC07003CCB08 /* Release */ = {
			isa = XCBuildConfiguration;
			buildSettings = {
				ASSETCATALOG_COMPILER_APPICON_NAME = AppIcon;
				INFOPLIST_FILE = SHTracker/Info.plist;
				LD_RUNPATH_SEARCH_PATHS = "$(inherited) @executable_path/Frameworks";
				PRODUCT_NAME = "$(TARGET_NAME)";
			};
			name = Release;
		};
		965A79371C55CC07003CCB08 /* Debug */ = {
			isa = XCBuildConfiguration;
			buildSettings = {
				BUNDLE_LOADER = "$(TEST_HOST)";
				FRAMEWORK_SEARCH_PATHS = (
					"$(SDKROOT)/Developer/Library/Frameworks",
					"$(inherited)",
				);
				GCC_PREPROCESSOR_DEFINITIONS = (
					"DEBUG=1",
					"$(inherited)",
				);
				INFOPLIST_FILE = SHTrackerTests/Info.plist;
				LD_RUNPATH_SEARCH_PATHS = "$(inherited) @executable_path/Frameworks @loader_path/Frameworks";
				PRODUCT_NAME = "$(TARGET_NAME)";
				TEST_HOST = "$(BUILT_PRODUCTS_DIR)/SHTracker.app/SHTracker";
			};
			name = Debug;
		};
		965A79381C55CC07003CCB08 /* Release */ = {
			isa = XCBuildConfiguration;
			buildSettings = {
				BUNDLE_LOADER = "$(TEST_HOST)";
				FRAMEWORK_SEARCH_PATHS = (
					"$(SDKROOT)/Developer/Library/Frameworks",
					"$(inherited)",
				);
				INFOPLIST_FILE = SHTrackerTests/Info.plist;
				LD_RUNPATH_SEARCH_PATHS = "$(inherited) @executable_path/Frameworks @loader_path/Frameworks";
				PRODUCT_NAME = "$(TARGET_NAME)";
				TEST_HOST = "$(BUILT_PRODUCTS_DIR)/SHTracker.app/SHTracker";
			};
			name = Release;
		};
/* End XCBuildConfiguration section */

/* Begin XCConfigurationList section */
		965A790B1C55CC06003CCB08 /* Build configuration list for PBXProject "SHTracker" */ = {
			isa = XCConfigurationList;
			buildConfigurations = (
				965A79311C55CC07003CCB08 /* Debug */,
				965A79321C55CC07003CCB08 /* Release */,
			);
			defaultConfigurationIsVisible = 0;
			defaultConfigurationName = Release;
		};
		965A79331C55CC07003CCB08 /* Build configuration list for PBXNativeTarget "SHTracker" */ = {
			isa = XCConfigurationList;
			buildConfigurations = (
				965A79341C55CC07003CCB08 /* Debug */,
				965A79351C55CC07003CCB08 /* Release */,
			);
			defaultConfigurationIsVisible = 0;
		};
		965A79361C55CC07003CCB08 /* Build configuration list for PBXNativeTarget "SHTrackerTests" */ = {
			isa = XCConfigurationList;
			buildConfigurations = (
				965A79371C55CC07003CCB08 /* Debug */,
				965A79381C55CC07003CCB08 /* Release */,
			);
			defaultConfigurationIsVisible = 0;
		};
/* End XCConfigurationList section */
	};
	rootObject = 965A79081C55CC06003CCB08 /* Project object */;
}
